
Microsoft Visual Studio Solution File, Format Version 12.00
# Visual Studio 15
VisualStudioVersion = 15.0.27703.2018
MinimumVisualStudioVersion = 10.0.40219.1
Project("{FAE04EC0-301F-11D3-BF4B-00C04F79EFBC}") = "Warcaby", "Warcaby\Warcaby.csproj", "{E15ECD6C-6D92-4F03-9C26-A643790FB145}"
EndProject
Global
	GlobalSection(SolutionConfigurationPlatforms) = preSolution
		Debug|Any CPU = Debug|Any CPU
		Release|Any CPU = Release|Any CPU
	EndGlobalSection
	GlobalSection(ProjectConfigurationPlatforms) = postSolution
		{E15ECD6C-6D92-4F03-9C26-A643790FB145}.Debug|Any CPU.ActiveCfg = Debug|Any CPU
		{E15ECD6C-6D92-4F03-9C26-A643790FB145}.Debug|Any CPU.Build.0 = Debug|Any CPU
		{E15ECD6C-6D92-4F03-9C26-A643790FB145}.Release|Any CPU.ActiveCfg = Release|Any CPU
		{E15ECD6C-6D92-4F03-9C26-A643790FB145}.Release|Any CPU.Build.0 = Release|Any CPU
	EndGlobalSection
	GlobalSection(SolutionProperties) = preSolution
		HideSolutionNode = FALSE
	EndGlobalSection
	GlobalSection(ExtensibilityGlobals) = postSolution
		SolutionGuid = {0EE5FDF0-BBA7-4C92-A429-09DBD911557A}
	EndGlobalSection
EndGlobal
